
Microsoft Visual Studio Solution File, Format Version 12.00
# Visual Studio Version 17
VisualStudioVersion = 17.3.32825.248
MinimumVisualStudioVersion = 10.0.40219.1
Project("{FAE04EC0-301F-11D3-BF4B-00C04F79EFBC}") = "CoffeeShopLabRepository", "CoffeeShopLabRepository\CoffeeShopLabRepository.csproj", "{A6E54838-70B5-4C59-9B96-E80ADDC54F00}"
EndProject
Project("{FAE04EC0-301F-11D3-BF4B-00C04F79EFBC}") = "CoffeeShopLabDomain", "CoffeeShopLabDomain\CoffeeShopLabDomain.csproj", "{7B058E23-6210-4E15-B251-94FF83C8718B}"
EndProject
Project("{FAE04EC0-301F-11D3-BF4B-00C04F79EFBC}") = "CoffeeShopLabDTO", "CoffeeShopLabDTO\CoffeeShopLabDTO.csproj", "{9A02B9D5-BC80-4432-A323-89A7EBF66770}"
EndProject
Project("{FAE04EC0-301F-11D3-BF4B-00C04F79EFBC}") = "CoffeeShopLabWebApp", "CoffeeShopLabWebApp\CoffeeShopLabWebApp.csproj", "{FABB4DE4-EB46-42CC-B4E3-E2B9C7CF6EE2}"
EndProject
Global
	GlobalSection(SolutionConfigurationPlatforms) = preSolution
		Debug|Any CPU = Debug|Any CPU
		Release|Any CPU = Release|Any CPU
	EndGlobalSection
	GlobalSection(ProjectConfigurationPlatforms) = postSolution
		{A6E54838-70B5-4C59-9B96-E80ADDC54F00}.Debug|Any CPU.ActiveCfg = Debug|Any CPU
		{A6E54838-70B5-4C59-9B96-E80ADDC54F00}.Debug|Any CPU.Build.0 = Debug|Any CPU
		{A6E54838-70B5-4C59-9B96-E80ADDC54F00}.Release|Any CPU.ActiveCfg = Release|Any CPU
		{A6E54838-70B5-4C59-9B96-E80ADDC54F00}.Release|Any CPU.Build.0 = Release|Any CPU
		{7B058E23-6210-4E15-B251-94FF83C8718B}.Debug|Any CPU.ActiveCfg = Debug|Any CPU
		{7B058E23-6210-4E15-B251-94FF83C8718B}.Debug|Any CPU.Build.0 = Debug|Any CPU
		{7B058E23-6210-4E15-B251-94FF83C8718B}.Release|Any CPU.ActiveCfg = Release|Any CPU
		{7B058E23-6210-4E15-B251-94FF83C8718B}.Release|Any CPU.Build.0 = Release|Any CPU
		{9A02B9D5-BC80-4432-A323-89A7EBF66770}.Debug|Any CPU.ActiveCfg = Debug|Any CPU
		{9A02B9D5-BC80-4432-A323-89A7EBF66770}.Debug|Any CPU.Build.0 = Debug|Any CPU
		{9A02B9D5-BC80-4432-A323-89A7EBF66770}.Release|Any CPU.ActiveCfg = Release|Any CPU
		{9A02B9D5-BC80-4432-A323-89A7EBF66770}.Release|Any CPU.Build.0 = Release|Any CPU
		{FABB4DE4-EB46-42CC-B4E3-E2B9C7CF6EE2}.Debug|Any CPU.ActiveCfg = Debug|Any CPU
		{FABB4DE4-EB46-42CC-B4E3-E2B9C7CF6EE2}.Debug|Any CPU.Build.0 = Debug|Any CPU
		{FABB4DE4-EB46-42CC-B4E3-E2B9C7CF6EE2}.Release|Any CPU.ActiveCfg = Release|Any CPU
		{FABB4DE4-EB46-42CC-B4E3-E2B9C7CF6EE2}.Release|Any CPU.Build.0 = Release|Any CPU
	EndGlobalSection
	GlobalSection(SolutionProperties) = preSolution
		HideSolutionNode = FALSE
	EndGlobalSection
	GlobalSection(ExtensibilityGlobals) = postSolution
		SolutionGuid = {8628571B-5C10-4AD7-A345-05250C0E3DF8}
	EndGlobalSection
EndGlobal
